// !$*UTF8*$!
{
	archiveVersion = 1;
	classes = {
	};
	objectVersion = 51;
	objects = {

/* Begin PBXBuildFile section */
		9F08EECB26E6E627000EFF87 /* AppDelegate.swift in Sources */ = {isa = PBXBuildFile; fileRef = 9F08EECA26E6E627000EFF87 /* AppDelegate.swift */; };
		9F08EECD26E6E627000EFF87 /* SceneDelegate.swift in Sources */ = {isa = PBXBuildFile; fileRef = 9F08EECC26E6E627000EFF87 /* SceneDelegate.swift */; };
		9F08EECF26E6E627000EFF87 /* ConversationsViewController.swift in Sources */ = {isa = PBXBuildFile; fileRef = 9F08EECE26E6E627000EFF87 /* ConversationsViewController.swift */; };
		9F08EED226E6E627000EFF87 /* Main.storyboard in Resources */ = {isa = PBXBuildFile; fileRef = 9F08EED026E6E627000EFF87 /* Main.storyboard */; };
		9F08EED426E6E628000EFF87 /* Assets.xcassets in Resources */ = {isa = PBXBuildFile; fileRef = 9F08EED326E6E628000EFF87 /* Assets.xcassets */; };
		9F08EED726E6E628000EFF87 /* LaunchScreen.storyboard in Resources */ = {isa = PBXBuildFile; fileRef = 9F08EED526E6E628000EFF87 /* LaunchScreen.storyboard */; };
		9F283B9726E6E9BC00792F28 /* LoginViewController.swift in Sources */ = {isa = PBXBuildFile; fileRef = 9F283B9626E6E9BC00792F28 /* LoginViewController.swift */; };
		9F283B9926E6E9C900792F28 /* RegisterViewController.swift in Sources */ = {isa = PBXBuildFile; fileRef = 9F283B9826E6E9C900792F28 /* RegisterViewController.swift */; };
		9F283B9B26E6E9EF00792F28 /* PhotoViewerViewController.swift in Sources */ = {isa = PBXBuildFile; fileRef = 9F283B9A26E6E9EF00792F28 /* PhotoViewerViewController.swift */; };
		9F283B9D26E6EA0100792F28 /* VideoPlayerViewController.swift in Sources */ = {isa = PBXBuildFile; fileRef = 9F283B9C26E6EA0100792F28 /* VideoPlayerViewController.swift */; };
		9F283B9F26E6EA2700792F28 /* NewConversationViewController.swift in Sources */ = {isa = PBXBuildFile; fileRef = 9F283B9E26E6EA2700792F28 /* NewConversationViewController.swift */; };
		9F283BA126E6EA3400792F28 /* ProfileViewController.swift in Sources */ = {isa = PBXBuildFile; fileRef = 9F283BA026E6EA3400792F28 /* ProfileViewController.swift */; };
		9F283BA426E6F22500792F28 /* Extensions.swift in Sources */ = {isa = PBXBuildFile; fileRef = 9F283BA326E6F22500792F28 /* Extensions.swift */; };
		9F283BA626ECE10600792F28 /* GoogleService-Info.plist in Resources */ = {isa = PBXBuildFile; fileRef = 9F283BA526ECE10600792F28 /* GoogleService-Info.plist */; };
		9F283BA826ECEED400792F28 /* DatabaseManager.swift in Sources */ = {isa = PBXBuildFile; fileRef = 9F283BA726ECEED400792F28 /* DatabaseManager.swift */; };
		A1F35B6A42B9455F759E488C /* Pods_Messenger.framework in Frameworks */ = {isa = PBXBuildFile; fileRef = 7BBA32DB098101C57A068DDE /* Pods_Messenger.framework */; };
/* End PBXBuildFile section */

/* Begin PBXFileReference section */
		4BF8AB37A28FF8B0E0935C2D /* Pods-Messenger.release.xcconfig */ = {isa = PBXFileReference; includeInIndex = 1; lastKnownFileType = text.xcconfig; name = "Pods-Messenger.release.xcconfig"; path = "Target Support Files/Pods-Messenger/Pods-Messenger.release.xcconfig"; sourceTree = "<group>"; };
		703D4950E48A83184AB18AFD /* Pods-Messenger.debug.xcconfig */ = {isa = PBXFileReference; includeInIndex = 1; lastKnownFileType = text.xcconfig; name = "Pods-Messenger.debug.xcconfig"; path = "Target Support Files/Pods-Messenger/Pods-Messenger.debug.xcconfig"; sourceTree = "<group>"; };
		7BBA32DB098101C57A068DDE /* Pods_Messenger.framework */ = {isa = PBXFileReference; explicitFileType = wrapper.framework; includeInIndex = 0; path = Pods_Messenger.framework; sourceTree = BUILT_PRODUCTS_DIR; };
		9F08EEC726E6E627000EFF87 /* Messenger.app */ = {isa = PBXFileReference; explicitFileType = wrapper.application; includeInIndex = 0; path = Messenger.app; sourceTree = BUILT_PRODUCTS_DIR; };
		9F08EECA26E6E627000EFF87 /* AppDelegate.swift */ = {isa = PBXFileReference; lastKnownFileType = sourcecode.swift; path = AppDelegate.swift; sourceTree = "<group>"; };
		9F08EECC26E6E627000EFF87 /* SceneDelegate.swift */ = {isa = PBXFileReference; lastKnownFileType = sourcecode.swift; path = SceneDelegate.swift; sourceTree = "<group>"; };
		9F08EECE26E6E627000EFF87 /* ConversationsViewController.swift */ = {isa = PBXFileReference; lastKnownFileType = sourcecode.swift; path = ConversationsViewController.swift; sourceTree = "<group>"; };
		9F08EED126E6E627000EFF87 /* Base */ = {isa = PBXFileReference; lastKnownFileType = file.storyboard; name = Base; path = Base.lproj/Main.storyboard; sourceTree = "<group>"; };
		9F08EED326E6E628000EFF87 /* Assets.xcassets */ = {isa = PBXFileReference; lastKnownFileType = folder.assetcatalog; path = Assets.xcassets; sourceTree = "<group>"; };
		9F08EED626E6E628000EFF87 /* Base */ = {isa = PBXFileReference; lastKnownFileType = file.storyboard; name = Base; path = Base.lproj/LaunchScreen.storyboard; sourceTree = "<group>"; };
		9F08EED826E6E628000EFF87 /* Info.plist */ = {isa = PBXFileReference; lastKnownFileType = text.plist.xml; path = Info.plist; sourceTree = "<group>"; };
		9F283B9626E6E9BC00792F28 /* LoginViewController.swift */ = {isa = PBXFileReference; lastKnownFileType = sourcecode.swift; path = LoginViewController.swift; sourceTree = "<group>"; };
		9F283B9826E6E9C900792F28 /* RegisterViewController.swift */ = {isa = PBXFileReference; lastKnownFileType = sourcecode.swift; path = RegisterViewController.swift; sourceTree = "<group>"; };
		9F283B9A26E6E9EF00792F28 /* PhotoViewerViewController.swift */ = {isa = PBXFileReference; lastKnownFileType = sourcecode.swift; path = PhotoViewerViewController.swift; sourceTree = "<group>"; };
		9F283B9C26E6EA0100792F28 /* VideoPlayerViewController.swift */ = {isa = PBXFileReference; lastKnownFileType = sourcecode.swift; path = VideoPlayerViewController.swift; sourceTree = "<group>"; };
		9F283B9E26E6EA2700792F28 /* NewConversationViewController.swift */ = {isa = PBXFileReference; lastKnownFileType = sourcecode.swift; path = NewConversationViewController.swift; sourceTree = "<group>"; };
		9F283BA026E6EA3400792F28 /* ProfileViewController.swift */ = {isa = PBXFileReference; lastKnownFileType = sourcecode.swift; path = ProfileViewController.swift; sourceTree = "<group>"; };
		9F283BA326E6F22500792F28 /* Extensions.swift */ = {isa = PBXFileReference; lastKnownFileType = sourcecode.swift; path = Extensions.swift; sourceTree = "<group>"; };
		9F283BA526ECE10600792F28 /* GoogleService-Info.plist */ = {isa = PBXFileReference; fileEncoding = 4; lastKnownFileType = text.plist.xml; path = "GoogleService-Info.plist"; sourceTree = "<group>"; };
		9F283BA726ECEED400792F28 /* DatabaseManager.swift */ = {isa = PBXFileReference; lastKnownFileType = sourcecode.swift; path = DatabaseManager.swift; sourceTree = "<group>"; };
/* End PBXFileReference section */

/* Begin PBXFrameworksBuildPhase section */
		9F08EEC426E6E627000EFF87 /* Frameworks */ = {
			isa = PBXFrameworksBuildPhase;
			buildActionMask = 2147483647;
			files = (
				A1F35B6A42B9455F759E488C /* Pods_Messenger.framework in Frameworks */,
			);
			runOnlyForDeploymentPostprocessing = 0;
		};
/* End PBXFrameworksBuildPhase section */

/* Begin PBXGroup section */
		1690A1BF8DDBE0C2F32B51F4 /* Frameworks */ = {
			isa = PBXGroup;
			children = (
				7BBA32DB098101C57A068DDE /* Pods_Messenger.framework */,
			);
			name = Frameworks;
			sourceTree = "<group>";
		};
		4ED2A4E1E4225A64AA80DE77 /* Pods */ = {
			isa = PBXGroup;
			children = (
				703D4950E48A83184AB18AFD /* Pods-Messenger.debug.xcconfig */,
				4BF8AB37A28FF8B0E0935C2D /* Pods-Messenger.release.xcconfig */,
			);
			path = Pods;
			sourceTree = "<group>";
		};
		9F08EEBE26E6E627000EFF87 = {
			isa = PBXGroup;
			children = (
				9F08EEC926E6E627000EFF87 /* Messenger */,
				9F08EEC826E6E627000EFF87 /* Products */,
				4ED2A4E1E4225A64AA80DE77 /* Pods */,
				1690A1BF8DDBE0C2F32B51F4 /* Frameworks */,
			);
			sourceTree = "<group>";
		};
		9F08EEC826E6E627000EFF87 /* Products */ = {
			isa = PBXGroup;
			children = (
				9F08EEC726E6E627000EFF87 /* Messenger.app */,
			);
			name = Products;
			sourceTree = "<group>";
		};
		9F08EEC926E6E627000EFF87 /* Messenger */ = {
			isa = PBXGroup;
			children = (
				9F283BA526ECE10600792F28 /* GoogleService-Info.plist */,
				9F283B9426E6E84100792F28 /* Resources */,
				9F283B9326E6E83800792F28 /* View Models */,
				9F283B9226E6E82B00792F28 /* Models */,
				9F283B9126E6E82400792F28 /* Views */,
				9F283B9026E6E81C00792F28 /* Controllers */,
				9F08EED826E6E628000EFF87 /* Info.plist */,
			);
			path = Messenger;
			sourceTree = "<group>";
		};
		9F283B9026E6E81C00792F28 /* Controllers */ = {
			isa = PBXGroup;
			children = (
				9F08EECE26E6E627000EFF87 /* ConversationsViewController.swift */,
				9F283BA226E6ED1A00792F28 /* Login */,
				9F283B9A26E6E9EF00792F28 /* PhotoViewerViewController.swift */,
				9F283B9C26E6EA0100792F28 /* VideoPlayerViewController.swift */,
				9F283B9E26E6EA2700792F28 /* NewConversationViewController.swift */,
				9F283BA026E6EA3400792F28 /* ProfileViewController.swift */,
			);
			path = Controllers;
			sourceTree = "<group>";
		};
		9F283B9126E6E82400792F28 /* Views */ = {
			isa = PBXGroup;
			children = (
				9F283B9526E6E86E00792F28 /* Storyboards */,
				9F08EED326E6E628000EFF87 /* Assets.xcassets */,
				9F08EED526E6E628000EFF87 /* LaunchScreen.storyboard */,
			);
			path = Views;
			sourceTree = "<group>";
		};
		9F283B9226E6E82B00792F28 /* Models */ = {
			isa = PBXGroup;
			children = (
			);
			path = Models;
			sourceTree = "<group>";
		};
		9F283B9326E6E83800792F28 /* View Models */ = {
			isa = PBXGroup;
			children = (
			);
			path = "View Models";
			sourceTree = "<group>";
		};
		9F283B9426E6E84100792F28 /* Resources */ = {
			isa = PBXGroup;
			children = (
				9F08EECA26E6E627000EFF87 /* AppDelegate.swift */,
				9F08EECC26E6E627000EFF87 /* SceneDelegate.swift */,
				9F283BA326E6F22500792F28 /* Extensions.swift */,
				9F283BA726ECEED400792F28 /* DatabaseManager.swift */,
			);
			path = Resources;
			sourceTree = "<group>";
		};
		9F283B9526E6E86E00792F28 /* Storyboards */ = {
			isa = PBXGroup;
			children = (
				9F08EED026E6E627000EFF87 /* Main.storyboard */,
			);
			path = Storyboards;
			sourceTree = "<group>";
		};
		9F283BA226E6ED1A00792F28 /* Login */ = {
			isa = PBXGroup;
			children = (
				9F283B9626E6E9BC00792F28 /* LoginViewController.swift */,
				9F283B9826E6E9C900792F28 /* RegisterViewController.swift */,
			);
			path = Login;
			sourceTree = "<group>";
		};
/* End PBXGroup section */

/* Begin PBXNativeTarget section */
		9F08EEC626E6E627000EFF87 /* Messenger */ = {
			isa = PBXNativeTarget;
			buildConfigurationList = 9F08EEDB26E6E628000EFF87 /* Build configuration list for PBXNativeTarget "Messenger" */;
			buildPhases = (
				C8D0F768BBEDB1AF9E6488BA /* [CP] Check Pods Manifest.lock */,
				9F08EEC326E6E627000EFF87 /* Sources */,
				9F08EEC426E6E627000EFF87 /* Frameworks */,
				9F08EEC526E6E627000EFF87 /* Resources */,
				0F0D157D9D9DDB7AE81C0A98 /* [CP] Embed Pods Frameworks */,
			);
			buildRules = (
			);
			dependencies = (
			);
			name = Messenger;
			productName = Messenger;
			productReference = 9F08EEC726E6E627000EFF87 /* Messenger.app */;
			productType = "com.apple.product-type.application";
		};
/* End PBXNativeTarget section */

/* Begin PBXProject section */
		9F08EEBF26E6E627000EFF87 /* Project object */ = {
			isa = PBXProject;
			attributes = {
				LastSwiftUpdateCheck = 1250;
				LastUpgradeCheck = 1250;
				TargetAttributes = {
					9F08EEC626E6E627000EFF87 = {
						CreatedOnToolsVersion = 12.5.1;
					};
				};
			};
			buildConfigurationList = 9F08EEC226E6E627000EFF87 /* Build configuration list for PBXProject "Messenger" */;
			compatibilityVersion = "Xcode 9.3";
			developmentRegion = en;
			hasScannedForEncodings = 0;
			knownRegions = (
				en,
				Base,
			);
			mainGroup = 9F08EEBE26E6E627000EFF87;
			productRefGroup = 9F08EEC826E6E627000EFF87 /* Products */;
			projectDirPath = "";
			projectRoot = "";
			targets = (
				9F08EEC626E6E627000EFF87 /* Messenger */,
			);
		};
/* End PBXProject section */

/* Begin PBXResourcesBuildPhase section */
		9F08EEC526E6E627000EFF87 /* Resources */ = {
			isa = PBXResourcesBuildPhase;
			buildActionMask = 2147483647;
			files = (
				9F283BA626ECE10600792F28 /* GoogleService-Info.plist in Resources */,
				9F08EED726E6E628000EFF87 /* LaunchScreen.storyboard in Resources */,
				9F08EED426E6E628000EFF87 /* Assets.xcassets in Resources */,
				9F08EED226E6E627000EFF87 /* Main.storyboard in Resources */,
			);
			runOnlyForDeploymentPostprocessing = 0;
		};
/* End PBXResourcesBuildPhase section */

/* Begin PBXShellScriptBuildPhase section */
		0F0D157D9D9DDB7AE81C0A98 /* [CP] Embed Pods Frameworks */ = {
			isa = PBXShellScriptBuildPhase;
			buildActionMask = 2147483647;
			files = (
			);
			inputFileListPaths = (
				"${PODS_ROOT}/Target Support Files/Pods-Messenger/Pods-Messenger-frameworks-${CONFIGURATION}-input-files.xcfilelist",
			);
			name = "[CP] Embed Pods Frameworks";
			outputFileListPaths = (
				"${PODS_ROOT}/Target Support Files/Pods-Messenger/Pods-Messenger-frameworks-${CONFIGURATION}-output-files.xcfilelist",
			);
			runOnlyForDeploymentPostprocessing = 0;
			shellPath = /bin/sh;
			shellScript = "\"${PODS_ROOT}/Target Support Files/Pods-Messenger/Pods-Messenger-frameworks.sh\"\n";
			showEnvVarsInLog = 0;
		};
		C8D0F768BBEDB1AF9E6488BA /* [CP] Check Pods Manifest.lock */ = {
			isa = PBXShellScriptBuildPhase;
			buildActionMask = 2147483647;
			files = (
			);
			inputFileListPaths = (
			);
			inputPaths = (
				"${PODS_PODFILE_DIR_PATH}/Podfile.lock",
				"${PODS_ROOT}/Manifest.lock",
			);
			name = "[CP] Check Pods Manifest.lock";
			outputFileListPaths = (
			);
			outputPaths = (
				"$(DERIVED_FILE_DIR)/Pods-Messenger-checkManifestLockResult.txt",
			);
			runOnlyForDeploymentPostprocessing = 0;
			shellPath = /bin/sh;
			shellScript = "diff \"${PODS_PODFILE_DIR_PATH}/Podfile.lock\" \"${PODS_ROOT}/Manifest.lock\" > /dev/null\nif [ $? != 0 ] ; then\n    # print error to STDERR\n    echo \"error: The sandbox is not in sync with the Podfile.lock. Run 'pod install' or update your CocoaPods installation.\" >&2\n    exit 1\nfi\n# This output is used by Xcode 'outputs' to avoid re-running this script phase.\necho \"SUCCESS\" > \"${SCRIPT_OUTPUT_FILE_0}\"\n";
			showEnvVarsInLog = 0;
		};
/* End PBXShellScriptBuildPhase section */

/* Begin PBXSourcesBuildPhase section */
		9F08EEC326E6E627000EFF87 /* Sources */ = {
			isa = PBXSourcesBuildPhase;
			buildActionMask = 2147483647;
			files = (
				9F283B9726E6E9BC00792F28 /* LoginViewController.swift in Sources */,
				9F283BA826ECEED400792F28 /* DatabaseManager.swift in Sources */,
				9F283B9926E6E9C900792F28 /* RegisterViewController.swift in Sources */,
				9F283B9F26E6EA2700792F28 /* NewConversationViewController.swift in Sources */,
				9F08EECF26E6E627000EFF87 /* ConversationsViewController.swift in Sources */,
				9F283B9D26E6EA0100792F28 /* VideoPlayerViewController.swift in Sources */,
				9F283BA426E6F22500792F28 /* Extensions.swift in Sources */,
				9F08EECB26E6E627000EFF87 /* AppDelegate.swift in Sources */,
				9F283BA126E6EA3400792F28 /* ProfileViewController.swift in Sources */,
				9F08EECD26E6E627000EFF87 /* SceneDelegate.swift in Sources */,
				9F283B9B26E6E9EF00792F28 /* PhotoViewerViewController.swift in Sources */,
			);
			runOnlyForDeploymentPostprocessing = 0;
		};
/* End PBXSourcesBuildPhase section */

/* Begin PBXVariantGroup section */
		9F08EED026E6E627000EFF87 /* Main.storyboard */ = {
			isa = PBXVariantGroup;
			children = (
				9F08EED126E6E627000EFF87 /* Base */,
			);
			name = Main.storyboard;
			sourceTree = "<group>";
		};
		9F08EED526E6E628000EFF87 /* LaunchScreen.storyboard */ = {
			isa = PBXVariantGroup;
			children = (
				9F08EED626E6E628000EFF87 /* Base */,
			);
			name = LaunchScreen.storyboard;
			sourceTree = "<group>";
		};
/* End PBXVariantGroup section */

/* Begin XCBuildConfiguration section */
		9F08EED926E6E628000EFF87 /* Debug */ = {
			isa = XCBuildConfiguration;
			buildSettings = {
				ALWAYS_SEARCH_USER_PATHS = NO;
				CLANG_ANALYZER_NONNULL = YES;
				CLANG_ANALYZER_NUMBER_OBJECT_CONVERSION = YES_AGGRESSIVE;
				CLANG_CXX_LANGUAGE_STANDARD = "gnu++14";
				CLANG_CXX_LIBRARY = "libc++";
				CLANG_ENABLE_MODULES = YES;
				CLANG_ENABLE_OBJC_ARC = YES;
				CLANG_ENABLE_OBJC_WEAK = YES;
				CLANG_WARN_BLOCK_CAPTURE_AUTORELEASING = YES;
				CLANG_WARN_BOOL_CONVERSION = YES;
				CLANG_WARN_COMMA = YES;
				CLANG_WARN_CONSTANT_CONVERSION = YES;
				CLANG_WARN_DEPRECATED_OBJC_IMPLEMENTATIONS = YES;
				CLANG_WARN_DIRECT_OBJC_ISA_USAGE = YES_ERROR;
				CLANG_WARN_DOCUMENTATION_COMMENTS = YES;
				CLANG_WARN_EMPTY_BODY = YES;
				CLANG_WARN_ENUM_CONVERSION = YES;
				CLANG_WARN_INFINITE_RECURSION = YES;
				CLANG_WARN_INT_CONVERSION = YES;
				CLANG_WARN_NON_LITERAL_NULL_CONVERSION = YES;
				CLANG_WARN_OBJC_IMPLICIT_RETAIN_SELF = YES;
				CLANG_WARN_OBJC_LITERAL_CONVERSION = YES;
				CLANG_WARN_OBJC_ROOT_CLASS = YES_ERROR;
				CLANG_WARN_QUOTED_INCLUDE_IN_FRAMEWORK_HEADER = YES;
				CLANG_WARN_RANGE_LOOP_ANALYSIS = YES;
				CLANG_WARN_STRICT_PROTOTYPES = YES;
				CLANG_WARN_SUSPICIOUS_MOVE = YES;
				CLANG_WARN_UNGUARDED_AVAILABILITY = YES_AGGRESSIVE;
				CLANG_WARN_UNREACHABLE_CODE = YES;
				CLANG_WARN__DUPLICATE_METHOD_MATCH = YES;
				COPY_PHASE_STRIP = NO;
				DEBUG_INFORMATION_FORMAT = dwarf;
				ENABLE_STRICT_OBJC_MSGSEND = YES;
				ENABLE_TESTABILITY = YES;
				GCC_C_LANGUAGE_STANDARD = gnu11;
				GCC_DYNAMIC_NO_PIC = NO;
				GCC_NO_COMMON_BLOCKS = YES;
				GCC_OPTIMIZATION_LEVEL = 0;
				GCC_PREPROCESSOR_DEFINITIONS = (
					"DEBUG=1",
					"$(inherited)",
				);
				GCC_WARN_64_TO_32_BIT_CONVERSION = YES;
				GCC_WARN_ABOUT_RETURN_TYPE = YES_ERROR;
				GCC_WARN_UNDECLARED_SELECTOR = YES;
				GCC_WARN_UNINITIALIZED_AUTOS = YES_AGGRESSIVE;
				GCC_WARN_UNUSED_FUNCTION = YES;
				GCC_WARN_UNUSED_VARIABLE = YES;
				IPHONEOS_DEPLOYMENT_TARGET = 14.5;
				MTL_ENABLE_DEBUG_INFO = INCLUDE_SOURCE;
				MTL_FAST_MATH = YES;
				ONLY_ACTIVE_ARCH = YES;
				SDKROOT = iphoneos;
				SWIFT_ACTIVE_COMPILATION_CONDITIONS = DEBUG;
				SWIFT_OPTIMIZATION_LEVEL = "-Onone";
			};
			name = Debug;
		};
		9F08EEDA26E6E628000EFF87 /* Release */ = {
			isa = XCBuildConfiguration;
			buildSettings = {
				ALWAYS_SEARCH_USER_PATHS = NO;
				CLANG_ANALYZER_NONNULL = YES;
				CLANG_ANALYZER_NUMBER_OBJECT_CONVERSION = YES_AGGRESSIVE;
				CLANG_CXX_LANGUAGE_STANDARD = "gnu++14";
				CLANG_CXX_LIBRARY = "libc++";
				CLANG_ENABLE_MODULES = YES;
				CLANG_ENABLE_OBJC_ARC = YES;
				CLANG_ENABLE_OBJC_WEAK = YES;
				CLANG_WARN_BLOCK_CAPTURE_AUTORELEASING = YES;
				CLANG_WARN_BOOL_CONVERSION = YES;
				CLANG_WARN_COMMA = YES;
				CLANG_WARN_CONSTANT_CONVERSION = YES;
				CLANG_WARN_DEPRECATED_OBJC_IMPLEMENTATIONS = YES;
				CLANG_WARN_DIRECT_OBJC_ISA_USAGE = YES_ERROR;
				CLANG_WARN_DOCUMENTATION_COMMENTS = YES;
				CLANG_WARN_EMPTY_BODY = YES;
				CLANG_WARN_ENUM_CONVERSION = YES;
				CLANG_WARN_INFINITE_RECURSION = YES;
				CLANG_WARN_INT_CONVERSION = YES;
				CLANG_WARN_NON_LITERAL_NULL_CONVERSION = YES;
				CLANG_WARN_OBJC_IMPLICIT_RETAIN_SELF = YES;
				CLANG_WARN_OBJC_LITERAL_CONVERSION = YES;
				CLANG_WARN_OBJC_ROOT_CLASS = YES_ERROR;
				CLANG_WARN_QUOTED_INCLUDE_IN_FRAMEWORK_HEADER = YES;
				CLANG_WARN_RANGE_LOOP_ANALYSIS = YES;
				CLANG_WARN_STRICT_PROTOTYPES = YES;
				CLANG_WARN_SUSPICIOUS_MOVE = YES;
				CLANG_WARN_UNGUARDED_AVAILABILITY = YES_AGGRESSIVE;
				CLANG_WARN_UNREACHABLE_CODE = YES;
				CLANG_WARN__DUPLICATE_METHOD_MATCH = YES;
				COPY_PHASE_STRIP = NO;
				DEBUG_INFORMATION_FORMAT = "dwarf-with-dsym";
				ENABLE_NS_ASSERTIONS = NO;
				ENABLE_STRICT_OBJC_MSGSEND = YES;
				GCC_C_LANGUAGE_STANDARD = gnu11;
				GCC_NO_COMMON_BLOCKS = YES;
				GCC_WARN_64_TO_32_BIT_CONVERSION = YES;
				GCC_WARN_ABOUT_RETURN_TYPE = YES_ERROR;
				GCC_WARN_UNDECLARED_SELECTOR = YES;
				GCC_WARN_UNINITIALIZED_AUTOS = YES_AGGRESSIVE;
				GCC_WARN_UNUSED_FUNCTION = YES;
				GCC_WARN_UNUSED_VARIABLE = YES;
				IPHONEOS_DEPLOYMENT_TARGET = 14.5;
				MTL_ENABLE_DEBUG_INFO = NO;
				MTL_FAST_MATH = YES;
				SDKROOT = iphoneos;
				SWIFT_COMPILATION_MODE = wholemodule;
				SWIFT_OPTIMIZATION_LEVEL = "-O";
				VALIDATE_PRODUCT = YES;
			};
			name = Release;
		};
		9F08EEDC26E6E628000EFF87 /* Debug */ = {
			isa = XCBuildConfiguration;
			baseConfigurationReference = 703D4950E48A83184AB18AFD /* Pods-Messenger.debug.xcconfig */;
			buildSettings = {
				ASSETCATALOG_COMPILER_APPICON_NAME = AppIcon;
				ASSETCATALOG_COMPILER_GLOBAL_ACCENT_COLOR_NAME = AccentColor;
				CODE_SIGN_STYLE = Automatic;
				DEVELOPMENT_TEAM = 8TUF73A8Z9;
				INFOPLIST_FILE = Messenger/Info.plist;
				LD_RUNPATH_SEARCH_PATHS = (
					"$(inherited)",
					"@executable_path/Frameworks",
				);
				PRODUCT_BUNDLE_IDENTIFIER = com.tranceaerospace.Messenger;
				PRODUCT_NAME = "$(TARGET_NAME)";
				SWIFT_VERSION = 5.0;
				TARGETED_DEVICE_FAMILY = "1,2";
			};
			name = Debug;
		};
		9F08EEDD26E6E628000EFF87 /* Release */ = {
			isa = XCBuildConfiguration;
			baseConfigurationReference = 4BF8AB37A28FF8B0E0935C2D /* Pods-Messenger.release.xcconfig */;
			buildSettings = {
				ASSETCATALOG_COMPILER_APPICON_NAME = AppIcon;
				ASSETCATALOG_COMPILER_GLOBAL_ACCENT_COLOR_NAME = AccentColor;
				CODE_SIGN_STYLE = Automatic;
				DEVELOPMENT_TEAM = 8TUF73A8Z9;
				INFOPLIST_FILE = Messenger/Info.plist;
				LD_RUNPATH_SEARCH_PATHS = (
					"$(inherited)",
					"@executable_path/Frameworks",
				);
				PRODUCT_BUNDLE_IDENTIFIER = com.tranceaerospace.Messenger;
				PRODUCT_NAME = "$(TARGET_NAME)";
				SWIFT_VERSION = 5.0;
				TARGETED_DEVICE_FAMILY = "1,2";
			};
			name = Release;
		};
/* End XCBuildConfiguration section */

/* Begin XCConfigurationList section */
		9F08EEC226E6E627000EFF87 /* Build configuration list for PBXProject "Messenger" */ = {
			isa = XCConfigurationList;
			buildConfigurations = (
				9F08EED926E6E628000EFF87 /* Debug */,
				9F08EEDA26E6E628000EFF87 /* Release */,
			);
			defaultConfigurationIsVisible = 0;
			defaultConfigurationName = Release;
		};
		9F08EEDB26E6E628000EFF87 /* Build configuration list for PBXNativeTarget "Messenger" */ = {
			isa = XCConfigurationList;
			buildConfigurations = (
				9F08EEDC26E6E628000EFF87 /* Debug */,
				9F08EEDD26E6E628000EFF87 /* Release */,
			);
			defaultConfigurationIsVisible = 0;
			defaultConfigurationName = Release;
		};
/* End XCConfigurationList section */
	};
	rootObject = 9F08EEBF26E6E627000EFF87 /* Project object */;
}
